
Microsoft Visual Studio Solution File, Format Version 12.00
# Visual Studio Version 18
VisualStudioVersion = 18.2.11430.68 d18.0
MinimumVisualStudioVersion = 10.0.40219.1
Project("{FAE04EC0-301F-11D3-BF4B-00C04F79EFBC}") = "FakeStoreApiTest", "FakeStoreApiTest.csproj", "{21A835E4-90A4-39DC-BC3F-77B34822C6CC}"
EndProject
Global
	GlobalSection(SolutionConfigurationPlatforms) = preSolution
		Debug|Any CPU = Debug|Any CPU
		Release|Any CPU = Release|Any CPU
	EndGlobalSection
	GlobalSection(ProjectConfigurationPlatforms) = postSolution
		{21A835E4-90A4-39DC-BC3F-77B34822C6CC}.Debug|Any CPU.ActiveCfg = Debug|Any CPU
		{21A835E4-90A4-39DC-BC3F-77B34822C6CC}.Debug|Any CPU.Build.0 = Debug|Any CPU
		{21A835E4-90A4-39DC-BC3F-77B34822C6CC}.Release|Any CPU.ActiveCfg = Release|Any CPU
		{21A835E4-90A4-39DC-BC3F-77B34822C6CC}.Release|Any CPU.Build.0 = Release|Any CPU
	EndGlobalSection
	GlobalSection(SolutionProperties) = preSolution
		HideSolutionNode = FALSE
	EndGlobalSection
	GlobalSection(ExtensibilityGlobals) = postSolution
		SolutionGuid = {38940656-4FCF-4A71-810E-D3F44DFE70DD}
	EndGlobalSection
EndGlobal
